// !$*UTF8*$!
{
	archiveVersion = 1;
	classes = {
	};
	objectVersion = 46;
	objects = {

/* Begin PBXBuildFile section */
		9E7C5F2F1CC1E2B0006BCB51 /* main.cpp in Sources */ = {isa = PBXBuildFile; fileRef = 9E7C5F2E1CC1E2B0006BCB51 /* main.cpp */; };
		9E7C5F371CC1E31C006BCB51 /* flight.cpp in Sources */ = {isa = PBXBuildFile; fileRef = 9E7C5F351CC1E31C006BCB51 /* flight.cpp */; };
		9E7C5F3B1CC1E37E006BCB51 /* plane.cpp in Sources */ = {isa = PBXBuildFile; fileRef = 9E7C5F391CC1E37E006BCB51 /* plane.cpp */; };
		9E7C5F461CC1E464006BCB51 /* utilities.cpp in Sources */ = {isa = PBXBuildFile; fileRef = 9E7C5F451CC1E464006BCB51 /* utilities.cpp */; };
/* End PBXBuildFile section */

/* Begin PBXCopyFilesBuildPhase section */
		9E7C5F291CC1E2B0006BCB51 /* CopyFiles */ = {
			isa = PBXCopyFilesBuildPhase;
			buildActionMask = 2147483647;
			dstPath = /usr/share/man/man1/;
			dstSubfolderSpec = 0;
			files = (
			);
			runOnlyForDeploymentPostprocessing = 1;
		};
/* End PBXCopyFilesBuildPhase section */

/* Begin PBXFileReference section */
		9E7C5F2B1CC1E2B0006BCB51 /* p3 */ = {isa = PBXFileReference; explicitFileType = "compiled.mach-o.executable"; includeInIndex = 0; path = p3; sourceTree = BUILT_PRODUCTS_DIR; };
		9E7C5F2E1CC1E2B0006BCB51 /* main.cpp */ = {isa = PBXFileReference; lastKnownFileType = sourcecode.cpp.cpp; path = main.cpp; sourceTree = "<group>"; };
		9E7C5F351CC1E31C006BCB51 /* flight.cpp */ = {isa = PBXFileReference; fileEncoding = 4; lastKnownFileType = sourcecode.cpp.cpp; path = flight.cpp; sourceTree = "<group>"; };
		9E7C5F381CC1E351006BCB51 /* flight.h */ = {isa = PBXFileReference; lastKnownFileType = sourcecode.c.h; path = flight.h; sourceTree = "<group>"; };
		9E7C5F391CC1E37E006BCB51 /* plane.cpp */ = {isa = PBXFileReference; fileEncoding = 4; lastKnownFileType = sourcecode.cpp.cpp; path = plane.cpp; sourceTree = "<group>"; };
		9E7C5F3D1CC1E3D9006BCB51 /* plane.h */ = {isa = PBXFileReference; fileEncoding = 4; lastKnownFileType = sourcecode.c.h; path = plane.h; sourceTree = "<group>"; };
		9E7C5F431CC1E434006BCB51 /* utilities.h */ = {isa = PBXFileReference; fileEncoding = 4; lastKnownFileType = sourcecode.c.h; path = utilities.h; sourceTree = "<group>"; };
		9E7C5F451CC1E464006BCB51 /* utilities.cpp */ = {isa = PBXFileReference; fileEncoding = 4; lastKnownFileType = sourcecode.cpp.cpp; path = utilities.cpp; sourceTree = "<group>"; };
		9E7C5F771CC39D49006BCB51 /* reservations2.txt */ = {isa = PBXFileReference; fileEncoding = 4; lastKnownFileType = text; path = reservations2.txt; sourceTree = "<group>"; };
		9E7C5F781CC39D49006BCB51 /* reservations.txt */ = {isa = PBXFileReference; fileEncoding = 4; lastKnownFileType = text; path = reservations.txt; sourceTree = "<group>"; };
/* End PBXFileReference section */

/* Begin PBXFrameworksBuildPhase section */
		9E7C5F281CC1E2B0006BCB51 /* Frameworks */ = {
			isa = PBXFrameworksBuildPhase;
			buildActionMask = 2147483647;
			files = (
			);
			runOnlyForDeploymentPostprocessing = 0;
		};
/* End PBXFrameworksBuildPhase section */

/* Begin PBXGroup section */
		9E7C5F221CC1E2B0006BCB51 = {
			isa = PBXGroup;
			children = (
				9E7C5F771CC39D49006BCB51 /* reservations2.txt */,
				9E7C5F781CC39D49006BCB51 /* reservations.txt */,
				9E7C5F2D1CC1E2B0006BCB51 /* p3 */,
				9E7C5F2C1CC1E2B0006BCB51 /* Products */,
			);
			sourceTree = "<group>";
		};
		9E7C5F2C1CC1E2B0006BCB51 /* Products */ = {
			isa = PBXGroup;
			children = (
				9E7C5F2B1CC1E2B0006BCB51 /* p3 */,
			);
			name = Products;
			sourceTree = "<group>";
		};
		9E7C5F2D1CC1E2B0006BCB51 /* p3 */ = {
			isa = PBXGroup;
			children = (
				9E7C5F2E1CC1E2B0006BCB51 /* main.cpp */,
				9E7C5F351CC1E31C006BCB51 /* flight.cpp */,
				9E7C5F381CC1E351006BCB51 /* flight.h */,
				9E7C5F391CC1E37E006BCB51 /* plane.cpp */,
				9E7C5F3D1CC1E3D9006BCB51 /* plane.h */,
				9E7C5F451CC1E464006BCB51 /* utilities.cpp */,
				9E7C5F431CC1E434006BCB51 /* utilities.h */,
			);
			path = p3;
			sourceTree = "<group>";
		};
/* End PBXGroup section */

/* Begin PBXNativeTarget section */
		9E7C5F2A1CC1E2B0006BCB51 /* p3 */ = {
			isa = PBXNativeTarget;
			buildConfigurationList = 9E7C5F321CC1E2B0006BCB51 /* Build configuration list for PBXNativeTarget "p3" */;
			buildPhases = (
				9E7C5F271CC1E2B0006BCB51 /* Sources */,
				9E7C5F281CC1E2B0006BCB51 /* Frameworks */,
				9E7C5F291CC1E2B0006BCB51 /* CopyFiles */,
			);
			buildRules = (
			);
			dependencies = (
			);
			name = p3;
			productName = p3;
			productReference = 9E7C5F2B1CC1E2B0006BCB51 /* p3 */;
			productType = "com.apple.product-type.tool";
		};
/* End PBXNativeTarget section */

/* Begin PBXProject section */
		9E7C5F231CC1E2B0006BCB51 /* Project object */ = {
			isa = PBXProject;
			attributes = {
				LastUpgradeCheck = 0730;
				ORGANIZATIONNAME = "Zhiying Li";
				TargetAttributes = {
					9E7C5F2A1CC1E2B0006BCB51 = {
						CreatedOnToolsVersion = 7.3;
					};
				};
			};
			buildConfigurationList = 9E7C5F261CC1E2B0006BCB51 /* Build configuration list for PBXProject "p3" */;
			compatibilityVersion = "Xcode 3.2";
			developmentRegion = English;
			hasScannedForEncodings = 0;
			knownRegions = (
				en,
			);
			mainGroup = 9E7C5F221CC1E2B0006BCB51;
			productRefGroup = 9E7C5F2C1CC1E2B0006BCB51 /* Products */;
			projectDirPath = "";
			projectRoot = "";
			targets = (
				9E7C5F2A1CC1E2B0006BCB51 /* p3 */,
			);
		};
/* End PBXProject section */

/* Begin PBXSourcesBuildPhase section */
		9E7C5F271CC1E2B0006BCB51 /* Sources */ = {
			isa = PBXSourcesBuildPhase;
			buildActionMask = 2147483647;
			files = (
				9E7C5F2F1CC1E2B0006BCB51 /* main.cpp in Sources */,
				9E7C5F371CC1E31C006BCB51 /* flight.cpp in Sources */,
				9E7C5F461CC1E464006BCB51 /* utilities.cpp in Sources */,
				9E7C5F3B1CC1E37E006BCB51 /* plane.cpp in Sources */,
			);
			runOnlyForDeploymentPostprocessing = 0;
		};
/* End PBXSourcesBuildPhase section */

/* Begin XCBuildConfiguration section */
		9E7C5F301CC1E2B0006BCB51 /* Debug */ = {
			isa = XCBuildConfiguration;
			buildSettings = {
				ALWAYS_SEARCH_USER_PATHS = NO;
				CLANG_ANALYZER_NONNULL = YES;
				CLANG_CXX_LANGUAGE_STANDARD = "gnu++0x";
				CLANG_CXX_LIBRARY = "libc++";
				CLANG_ENABLE_MODULES = YES;
				CLANG_ENABLE_OBJC_ARC = YES;
				CLANG_WARN_BOOL_CONVERSION = YES;
				CLANG_WARN_CONSTANT_CONVERSION = YES;
				CLANG_WARN_DIRECT_OBJC_ISA_USAGE = YES_ERROR;
				CLANG_WARN_EMPTY_BODY = YES;
				CLANG_WARN_ENUM_CONVERSION = YES;
				CLANG_WARN_INT_CONVERSION = YES;
				CLANG_WARN_OBJC_ROOT_CLASS = YES_ERROR;
				CLANG_WARN_UNREACHABLE_CODE = YES;
				CLANG_WARN__DUPLICATE_METHOD_MATCH = YES;
				CODE_SIGN_IDENTITY = "-";
				COPY_PHASE_STRIP = NO;
				DEBUG_INFORMATION_FORMAT = dwarf;
				ENABLE_STRICT_OBJC_MSGSEND = YES;
				ENABLE_TESTABILITY = YES;
				GCC_C_LANGUAGE_STANDARD = gnu99;
				GCC_DYNAMIC_NO_PIC = NO;
				GCC_NO_COMMON_BLOCKS = YES;
				GCC_OPTIMIZATION_LEVEL = 0;
				GCC_PREPROCESSOR_DEFINITIONS = (
					"DEBUG=1",
					"$(inherited)",
				);
				GCC_WARN_64_TO_32_BIT_CONVERSION = YES;
				GCC_WARN_ABOUT_RETURN_TYPE = YES_ERROR;
				GCC_WARN_UNDECLARED_SELECTOR = YES;
				GCC_WARN_UNINITIALIZED_AUTOS = YES_AGGRESSIVE;
				GCC_WARN_UNUSED_FUNCTION = YES;
				GCC_WARN_UNUSED_VARIABLE = YES;
				MACOSX_DEPLOYMENT_TARGET = 10.11;
				MTL_ENABLE_DEBUG_INFO = YES;
				ONLY_ACTIVE_ARCH = YES;
				SDKROOT = macosx;
			};
			name = Debug;
		};
		9E7C5F311CC1E2B0006BCB51 /* Release */ = {
			isa = XCBuildConfiguration;
			buildSettings = {
				ALWAYS_SEARCH_USER_PATHS = NO;
				CLANG_ANALYZER_NONNULL = YES;
				CLANG_CXX_LANGUAGE_STANDARD = "gnu++0x";
				CLANG_CXX_LIBRARY = "libc++";
				CLANG_ENABLE_MODULES = YES;
				CLANG_ENABLE_OBJC_ARC = YES;
				CLANG_WARN_BOOL_CONVERSION = YES;
				CLANG_WARN_CONSTANT_CONVERSION = YES;
				CLANG_WARN_DIRECT_OBJC_ISA_USAGE = YES_ERROR;
				CLANG_WARN_EMPTY_BODY = YES;
				CLANG_WARN_ENUM_CONVERSION = YES;
				CLANG_WARN_INT_CONVERSION = YES;
				CLANG_WARN_OBJC_ROOT_CLASS = YES_ERROR;
				CLANG_WARN_UNREACHABLE_CODE = YES;
				CLANG_WARN__DUPLICATE_METHOD_MATCH = YES;
				CODE_SIGN_IDENTITY = "-";
				COPY_PHASE_STRIP = NO;
				DEBUG_INFORMATION_FORMAT = "dwarf-with-dsym";
				ENABLE_NS_ASSERTIONS = NO;
				ENABLE_STRICT_OBJC_MSGSEND = YES;
				GCC_C_LANGUAGE_STANDARD = gnu99;
				GCC_NO_COMMON_BLOCKS = YES;
				GCC_WARN_64_TO_32_BIT_CONVERSION = YES;
				GCC_WARN_ABOUT_RETURN_TYPE = YES_ERROR;
				GCC_WARN_UNDECLARED_SELECTOR = YES;
				GCC_WARN_UNINITIALIZED_AUTOS = YES_AGGRESSIVE;
				GCC_WARN_UNUSED_FUNCTION = YES;
				GCC_WARN_UNUSED_VARIABLE = YES;
				MACOSX_DEPLOYMENT_TARGET = 10.11;
				MTL_ENABLE_DEBUG_INFO = NO;
				SDKROOT = macosx;
			};
			name = Release;
		};
		9E7C5F331CC1E2B0006BCB51 /* Debug */ = {
			isa = XCBuildConfiguration;
			buildSettings = {
				PRODUCT_NAME = "$(TARGET_NAME)";
			};
			name = Debug;
		};
		9E7C5F341CC1E2B0006BCB51 /* Release */ = {
			isa = XCBuildConfiguration;
			buildSettings = {
				PRODUCT_NAME = "$(TARGET_NAME)";
			};
			name = Release;
		};
/* End XCBuildConfiguration section */

/* Begin XCConfigurationList section */
		9E7C5F261CC1E2B0006BCB51 /* Build configuration list for PBXProject "p3" */ = {
			isa = XCConfigurationList;
			buildConfigurations = (
				9E7C5F301CC1E2B0006BCB51 /* Debug */,
				9E7C5F311CC1E2B0006BCB51 /* Release */,
			);
			defaultConfigurationIsVisible = 0;
			defaultConfigurationName = Release;
		};
		9E7C5F321CC1E2B0006BCB51 /* Build configuration list for PBXNativeTarget "p3" */ = {
			isa = XCConfigurationList;
			buildConfigurations = (
				9E7C5F331CC1E2B0006BCB51 /* Debug */,
				9E7C5F341CC1E2B0006BCB51 /* Release */,
			);
			defaultConfigurationIsVisible = 0;
			defaultConfigurationName = Release;
		};
/* End XCConfigurationList section */
	};
	rootObject = 9E7C5F231CC1E2B0006BCB51 /* Project object */;
}
