// !$*UTF8*$!
{
	archiveVersion = 1;
	classes = {
	};
	objectVersion = 46;
	objects = {

/* Begin PBXBuildFile section */
		9E461A501CAA151000FAF00B /* main.c in Sources */ = {isa = PBXBuildFile; fileRef = 9E461A4F1CAA151000FAF00B /* main.c */; };
		9E461A581CAA153900FAF00B /* plane.c in Sources */ = {isa = PBXBuildFile; fileRef = 9E461A561CAA153900FAF00B /* plane.c */; };
		9E461A5B1CAA154E00FAF00B /* flight.c in Sources */ = {isa = PBXBuildFile; fileRef = 9E461A591CAA154E00FAF00B /* flight.c */; };
		9E461A731CAA668E00FAF00B /* utilities.c in Sources */ = {isa = PBXBuildFile; fileRef = 9E461A711CAA668E00FAF00B /* utilities.c */; };
/* End PBXBuildFile section */

/* Begin PBXCopyFilesBuildPhase section */
		9E461A4A1CAA151000FAF00B /* CopyFiles */ = {
			isa = PBXCopyFilesBuildPhase;
			buildActionMask = 2147483647;
			dstPath = /usr/share/man/man1/;
			dstSubfolderSpec = 0;
			files = (
			);
			runOnlyForDeploymentPostprocessing = 1;
		};
/* End PBXCopyFilesBuildPhase section */

/* Begin PBXFileReference section */
		9E461A4C1CAA151000FAF00B /* p1 */ = {isa = PBXFileReference; explicitFileType = "compiled.mach-o.executable"; includeInIndex = 0; path = p1; sourceTree = BUILT_PRODUCTS_DIR; };
		9E461A4F1CAA151000FAF00B /* main.c */ = {isa = PBXFileReference; lastKnownFileType = sourcecode.c.c; path = main.c; sourceTree = "<group>"; };
		9E461A561CAA153900FAF00B /* plane.c */ = {isa = PBXFileReference; fileEncoding = 4; lastKnownFileType = sourcecode.c.c; path = plane.c; sourceTree = "<group>"; xcLanguageSpecificationIdentifier = xcode.lang.cpp; };
		9E461A571CAA153900FAF00B /* plane.h */ = {isa = PBXFileReference; fileEncoding = 4; lastKnownFileType = sourcecode.c.h; path = plane.h; sourceTree = "<group>"; };
		9E461A591CAA154E00FAF00B /* flight.c */ = {isa = PBXFileReference; fileEncoding = 4; lastKnownFileType = sourcecode.c.c; path = flight.c; sourceTree = "<group>"; };
		9E461A5A1CAA154E00FAF00B /* flight.h */ = {isa = PBXFileReference; fileEncoding = 4; lastKnownFileType = sourcecode.c.h; path = flight.h; sourceTree = "<group>"; };
		9E461A711CAA668E00FAF00B /* utilities.c */ = {isa = PBXFileReference; fileEncoding = 4; lastKnownFileType = sourcecode.c.c; path = utilities.c; sourceTree = "<group>"; };
		9E461A721CAA668E00FAF00B /* utilities.h */ = {isa = PBXFileReference; fileEncoding = 4; lastKnownFileType = sourcecode.c.h; path = utilities.h; sourceTree = "<group>"; };
		9EC6E2431D002637009D5EA8 /* reservations.txt */ = {isa = PBXFileReference; fileEncoding = 4; lastKnownFileType = text; name = reservations.txt; path = p1/reservations.txt; sourceTree = "<group>"; };
		9EC6E2441D002637009D5EA8 /* reservations2.txt */ = {isa = PBXFileReference; fileEncoding = 4; lastKnownFileType = text; name = reservations2.txt; path = p1/reservations2.txt; sourceTree = "<group>"; };
/* End PBXFileReference section */

/* Begin PBXFrameworksBuildPhase section */
		9E461A491CAA151000FAF00B /* Frameworks */ = {
			isa = PBXFrameworksBuildPhase;
			buildActionMask = 2147483647;
			files = (
			);
			runOnlyForDeploymentPostprocessing = 0;
		};
/* End PBXFrameworksBuildPhase section */

/* Begin PBXGroup section */
		9E461A431CAA151000FAF00B = {
			isa = PBXGroup;
			children = (
				9EC6E2431D002637009D5EA8 /* reservations.txt */,
				9EC6E2441D002637009D5EA8 /* reservations2.txt */,
				9E461A4E1CAA151000FAF00B /* p1 */,
				9E461A4D1CAA151000FAF00B /* Products */,
			);
			sourceTree = "<group>";
		};
		9E461A4D1CAA151000FAF00B /* Products */ = {
			isa = PBXGroup;
			children = (
				9E461A4C1CAA151000FAF00B /* p1 */,
			);
			name = Products;
			sourceTree = "<group>";
		};
		9E461A4E1CAA151000FAF00B /* p1 */ = {
			isa = PBXGroup;
			children = (
				9E461A4F1CAA151000FAF00B /* main.c */,
				9E461A561CAA153900FAF00B /* plane.c */,
				9E461A571CAA153900FAF00B /* plane.h */,
				9E461A591CAA154E00FAF00B /* flight.c */,
				9E461A5A1CAA154E00FAF00B /* flight.h */,
				9E461A711CAA668E00FAF00B /* utilities.c */,
				9E461A721CAA668E00FAF00B /* utilities.h */,
			);
			path = p1;
			sourceTree = "<group>";
		};
/* End PBXGroup section */

/* Begin PBXNativeTarget section */
		9E461A4B1CAA151000FAF00B /* p1 */ = {
			isa = PBXNativeTarget;
			buildConfigurationList = 9E461A531CAA151000FAF00B /* Build configuration list for PBXNativeTarget "p1" */;
			buildPhases = (
				9E461A481CAA151000FAF00B /* Sources */,
				9E461A491CAA151000FAF00B /* Frameworks */,
				9E461A4A1CAA151000FAF00B /* CopyFiles */,
			);
			buildRules = (
			);
			dependencies = (
			);
			name = p1;
			productName = p1;
			productReference = 9E461A4C1CAA151000FAF00B /* p1 */;
			productType = "com.apple.product-type.tool";
		};
/* End PBXNativeTarget section */

/* Begin PBXProject section */
		9E461A441CAA151000FAF00B /* Project object */ = {
			isa = PBXProject;
			attributes = {
				LastUpgradeCheck = 0730;
				ORGANIZATIONNAME = "Zhiying Li";
				TargetAttributes = {
					9E461A4B1CAA151000FAF00B = {
						CreatedOnToolsVersion = 7.3;
					};
				};
			};
			buildConfigurationList = 9E461A471CAA151000FAF00B /* Build configuration list for PBXProject "p1" */;
			compatibilityVersion = "Xcode 3.2";
			developmentRegion = English;
			hasScannedForEncodings = 0;
			knownRegions = (
				en,
			);
			mainGroup = 9E461A431CAA151000FAF00B;
			productRefGroup = 9E461A4D1CAA151000FAF00B /* Products */;
			projectDirPath = "";
			projectRoot = "";
			targets = (
				9E461A4B1CAA151000FAF00B /* p1 */,
			);
		};
/* End PBXProject section */

/* Begin PBXSourcesBuildPhase section */
		9E461A481CAA151000FAF00B /* Sources */ = {
			isa = PBXSourcesBuildPhase;
			buildActionMask = 2147483647;
			files = (
				9E461A731CAA668E00FAF00B /* utilities.c in Sources */,
				9E461A581CAA153900FAF00B /* plane.c in Sources */,
				9E461A501CAA151000FAF00B /* main.c in Sources */,
				9E461A5B1CAA154E00FAF00B /* flight.c in Sources */,
			);
			runOnlyForDeploymentPostprocessing = 0;
		};
/* End PBXSourcesBuildPhase section */

/* Begin XCBuildConfiguration section */
		9E461A511CAA151000FAF00B /* Debug */ = {
			isa = XCBuildConfiguration;
			buildSettings = {
				ALWAYS_SEARCH_USER_PATHS = NO;
				CLANG_ANALYZER_NONNULL = YES;
				CLANG_CXX_LANGUAGE_STANDARD = "gnu++0x";
				CLANG_CXX_LIBRARY = "libc++";
				CLANG_ENABLE_MODULES = YES;
				CLANG_ENABLE_OBJC_ARC = YES;
				CLANG_WARN_BOOL_CONVERSION = YES;
				CLANG_WARN_CONSTANT_CONVERSION = YES;
				CLANG_WARN_DIRECT_OBJC_ISA_USAGE = YES_ERROR;
				CLANG_WARN_EMPTY_BODY = YES;
				CLANG_WARN_ENUM_CONVERSION = YES;
				CLANG_WARN_INT_CONVERSION = YES;
				CLANG_WARN_OBJC_ROOT_CLASS = YES_ERROR;
				CLANG_WARN_UNREACHABLE_CODE = YES;
				CLANG_WARN__DUPLICATE_METHOD_MATCH = YES;
				CODE_SIGN_IDENTITY = "-";
				COPY_PHASE_STRIP = NO;
				DEBUG_INFORMATION_FORMAT = dwarf;
				ENABLE_STRICT_OBJC_MSGSEND = YES;
				ENABLE_TESTABILITY = YES;
				GCC_C_LANGUAGE_STANDARD = gnu99;
				GCC_DYNAMIC_NO_PIC = NO;
				GCC_NO_COMMON_BLOCKS = YES;
				GCC_OPTIMIZATION_LEVEL = 0;
				GCC_PREPROCESSOR_DEFINITIONS = (
					"DEBUG=1",
					"$(inherited)",
				);
				GCC_WARN_64_TO_32_BIT_CONVERSION = YES;
				GCC_WARN_ABOUT_RETURN_TYPE = YES_ERROR;
				GCC_WARN_UNDECLARED_SELECTOR = YES;
				GCC_WARN_UNINITIALIZED_AUTOS = YES_AGGRESSIVE;
				GCC_WARN_UNUSED_FUNCTION = YES;
				GCC_WARN_UNUSED_VARIABLE = YES;
				MACOSX_DEPLOYMENT_TARGET = 10.11;
				MTL_ENABLE_DEBUG_INFO = YES;
				ONLY_ACTIVE_ARCH = YES;
				SDKROOT = macosx;
			};
			name = Debug;
		};
		9E461A521CAA151000FAF00B /* Release */ = {
			isa = XCBuildConfiguration;
			buildSettings = {
				ALWAYS_SEARCH_USER_PATHS = NO;
				CLANG_ANALYZER_NONNULL = YES;
				CLANG_CXX_LANGUAGE_STANDARD = "gnu++0x";
				CLANG_CXX_LIBRARY = "libc++";
				CLANG_ENABLE_MODULES = YES;
				CLANG_ENABLE_OBJC_ARC = YES;
				CLANG_WARN_BOOL_CONVERSION = YES;
				CLANG_WARN_CONSTANT_CONVERSION = YES;
				CLANG_WARN_DIRECT_OBJC_ISA_USAGE = YES_ERROR;
				CLANG_WARN_EMPTY_BODY = YES;
				CLANG_WARN_ENUM_CONVERSION = YES;
				CLANG_WARN_INT_CONVERSION = YES;
				CLANG_WARN_OBJC_ROOT_CLASS = YES_ERROR;
				CLANG_WARN_UNREACHABLE_CODE = YES;
				CLANG_WARN__DUPLICATE_METHOD_MATCH = YES;
				CODE_SIGN_IDENTITY = "-";
				COPY_PHASE_STRIP = NO;
				DEBUG_INFORMATION_FORMAT = "dwarf-with-dsym";
				ENABLE_NS_ASSERTIONS = NO;
				ENABLE_STRICT_OBJC_MSGSEND = YES;
				GCC_C_LANGUAGE_STANDARD = gnu99;
				GCC_NO_COMMON_BLOCKS = YES;
				GCC_WARN_64_TO_32_BIT_CONVERSION = YES;
				GCC_WARN_ABOUT_RETURN_TYPE = YES_ERROR;
				GCC_WARN_UNDECLARED_SELECTOR = YES;
				GCC_WARN_UNINITIALIZED_AUTOS = YES_AGGRESSIVE;
				GCC_WARN_UNUSED_FUNCTION = YES;
				GCC_WARN_UNUSED_VARIABLE = YES;
				MACOSX_DEPLOYMENT_TARGET = 10.11;
				MTL_ENABLE_DEBUG_INFO = NO;
				SDKROOT = macosx;
			};
			name = Release;
		};
		9E461A541CAA151000FAF00B /* Debug */ = {
			isa = XCBuildConfiguration;
			buildSettings = {
				PRODUCT_NAME = "$(TARGET_NAME)";
			};
			name = Debug;
		};
		9E461A551CAA151000FAF00B /* Release */ = {
			isa = XCBuildConfiguration;
			buildSettings = {
				PRODUCT_NAME = "$(TARGET_NAME)";
			};
			name = Release;
		};
/* End XCBuildConfiguration section */

/* Begin XCConfigurationList section */
		9E461A471CAA151000FAF00B /* Build configuration list for PBXProject "p1" */ = {
			isa = XCConfigurationList;
			buildConfigurations = (
				9E461A511CAA151000FAF00B /* Debug */,
				9E461A521CAA151000FAF00B /* Release */,
			);
			defaultConfigurationIsVisible = 0;
			defaultConfigurationName = Release;
		};
		9E461A531CAA151000FAF00B /* Build configuration list for PBXNativeTarget "p1" */ = {
			isa = XCConfigurationList;
			buildConfigurations = (
				9E461A541CAA151000FAF00B /* Debug */,
				9E461A551CAA151000FAF00B /* Release */,
			);
			defaultConfigurationIsVisible = 0;
			defaultConfigurationName = Release;
		};
/* End XCConfigurationList section */
	};
	rootObject = 9E461A441CAA151000FAF00B /* Project object */;
}
