// !$*UTF8*$!
{
	archiveVersion = 1;
	classes = {
	};
	objectVersion = 46;
	objects = {

/* Begin PBXBuildFile section */
		9EFF48151CDF1E8C00F75240 /* main.cpp in Sources */ = {isa = PBXBuildFile; fileRef = 9EFF48141CDF1E8C00F75240 /* main.cpp */; };
		9EFF48181CDF1EB700F75240 /* container.cpp in Sources */ = {isa = PBXBuildFile; fileRef = 9EFF48161CDF1EB700F75240 /* container.cpp */; };
		9EFF481C1CDF1F3A00F75240 /* linkedlist.cpp in Sources */ = {isa = PBXBuildFile; fileRef = 9EFF481A1CDF1F3A00F75240 /* linkedlist.cpp */; };
		9EFF481F1CDF1F5100F75240 /* sortedlinkedlist.cpp in Sources */ = {isa = PBXBuildFile; fileRef = 9EFF481D1CDF1F5100F75240 /* sortedlinkedlist.cpp */; };
		9EFF48221CDF1F6800F75240 /* sortedvector.cpp in Sources */ = {isa = PBXBuildFile; fileRef = 9EFF48201CDF1F6800F75240 /* sortedvector.cpp */; };
		9EFF48251CDF1F7900F75240 /* vector.cpp in Sources */ = {isa = PBXBuildFile; fileRef = 9EFF48231CDF1F7900F75240 /* vector.cpp */; };
/* End PBXBuildFile section */

/* Begin PBXCopyFilesBuildPhase section */
		9EFF48041CDF1E3200F75240 /* CopyFiles */ = {
			isa = PBXCopyFilesBuildPhase;
			buildActionMask = 2147483647;
			dstPath = /usr/share/man/man1/;
			dstSubfolderSpec = 0;
			files = (
			);
			runOnlyForDeploymentPostprocessing = 1;
		};
/* End PBXCopyFilesBuildPhase section */

/* Begin PBXFileReference section */
		9EFF48061CDF1E3200F75240 /* p6 */ = {isa = PBXFileReference; explicitFileType = "compiled.mach-o.executable"; includeInIndex = 0; path = p6; sourceTree = BUILT_PRODUCTS_DIR; };
		9EFF48101CDF1E8100F75240 /* LinkedListTest.txt */ = {isa = PBXFileReference; fileEncoding = 4; lastKnownFileType = text; path = LinkedListTest.txt; sourceTree = "<group>"; };
		9EFF48111CDF1E8100F75240 /* SortedLinkedListTest.txt */ = {isa = PBXFileReference; fileEncoding = 4; lastKnownFileType = text; path = SortedLinkedListTest.txt; sourceTree = "<group>"; };
		9EFF48121CDF1E8100F75240 /* SortedVectorTest.txt */ = {isa = PBXFileReference; fileEncoding = 4; lastKnownFileType = text; path = SortedVectorTest.txt; sourceTree = "<group>"; };
		9EFF48131CDF1E8100F75240 /* VectorTest.txt */ = {isa = PBXFileReference; fileEncoding = 4; lastKnownFileType = text; path = VectorTest.txt; sourceTree = "<group>"; };
		9EFF48141CDF1E8C00F75240 /* main.cpp */ = {isa = PBXFileReference; fileEncoding = 4; lastKnownFileType = sourcecode.cpp.cpp; path = main.cpp; sourceTree = "<group>"; };
		9EFF48161CDF1EB700F75240 /* container.cpp */ = {isa = PBXFileReference; fileEncoding = 4; lastKnownFileType = sourcecode.cpp.cpp; path = container.cpp; sourceTree = "<group>"; };
		9EFF48191CDF1F1400F75240 /* container.h */ = {isa = PBXFileReference; fileEncoding = 4; lastKnownFileType = sourcecode.c.h; path = container.h; sourceTree = "<group>"; };
		9EFF481A1CDF1F3A00F75240 /* linkedlist.cpp */ = {isa = PBXFileReference; fileEncoding = 4; lastKnownFileType = sourcecode.cpp.cpp; path = linkedlist.cpp; sourceTree = "<group>"; };
		9EFF481D1CDF1F5100F75240 /* sortedlinkedlist.cpp */ = {isa = PBXFileReference; fileEncoding = 4; lastKnownFileType = sourcecode.cpp.cpp; path = sortedlinkedlist.cpp; sourceTree = "<group>"; };
		9EFF48201CDF1F6800F75240 /* sortedvector.cpp */ = {isa = PBXFileReference; fileEncoding = 4; lastKnownFileType = sourcecode.cpp.cpp; path = sortedvector.cpp; sourceTree = "<group>"; };
		9EFF48231CDF1F7900F75240 /* vector.cpp */ = {isa = PBXFileReference; fileEncoding = 4; lastKnownFileType = sourcecode.cpp.cpp; path = vector.cpp; sourceTree = "<group>"; };
		9EFF48261CDF206800F75240 /* linkedlist.h */ = {isa = PBXFileReference; fileEncoding = 4; lastKnownFileType = sourcecode.c.h; path = linkedlist.h; sourceTree = "<group>"; };
		9EFF48271CDF206800F75240 /* sortedlinkedlist.h */ = {isa = PBXFileReference; fileEncoding = 4; lastKnownFileType = sourcecode.c.h; path = sortedlinkedlist.h; sourceTree = "<group>"; };
		9EFF48281CDF206800F75240 /* sortedvector.h */ = {isa = PBXFileReference; fileEncoding = 4; lastKnownFileType = sourcecode.c.h; path = sortedvector.h; sourceTree = "<group>"; };
		9EFF48291CDF206800F75240 /* vector.h */ = {isa = PBXFileReference; fileEncoding = 4; lastKnownFileType = sourcecode.c.h; path = vector.h; sourceTree = "<group>"; };
/* End PBXFileReference section */

/* Begin PBXFrameworksBuildPhase section */
		9EFF48031CDF1E3200F75240 /* Frameworks */ = {
			isa = PBXFrameworksBuildPhase;
			buildActionMask = 2147483647;
			files = (
			);
			runOnlyForDeploymentPostprocessing = 0;
		};
/* End PBXFrameworksBuildPhase section */

/* Begin PBXGroup section */
		9EFF47FD1CDF1E3200F75240 = {
			isa = PBXGroup;
			children = (
				9EFF48101CDF1E8100F75240 /* LinkedListTest.txt */,
				9EFF48111CDF1E8100F75240 /* SortedLinkedListTest.txt */,
				9EFF48121CDF1E8100F75240 /* SortedVectorTest.txt */,
				9EFF48131CDF1E8100F75240 /* VectorTest.txt */,
				9EFF48081CDF1E3200F75240 /* p6 */,
				9EFF48071CDF1E3200F75240 /* Products */,
			);
			sourceTree = "<group>";
		};
		9EFF48071CDF1E3200F75240 /* Products */ = {
			isa = PBXGroup;
			children = (
				9EFF48061CDF1E3200F75240 /* p6 */,
			);
			name = Products;
			sourceTree = "<group>";
		};
		9EFF48081CDF1E3200F75240 /* p6 */ = {
			isa = PBXGroup;
			children = (
				9EFF48141CDF1E8C00F75240 /* main.cpp */,
				9EFF48161CDF1EB700F75240 /* container.cpp */,
				9EFF48191CDF1F1400F75240 /* container.h */,
				9EFF481A1CDF1F3A00F75240 /* linkedlist.cpp */,
				9EFF48261CDF206800F75240 /* linkedlist.h */,
				9EFF481D1CDF1F5100F75240 /* sortedlinkedlist.cpp */,
				9EFF48271CDF206800F75240 /* sortedlinkedlist.h */,
				9EFF48201CDF1F6800F75240 /* sortedvector.cpp */,
				9EFF48281CDF206800F75240 /* sortedvector.h */,
				9EFF48231CDF1F7900F75240 /* vector.cpp */,
				9EFF48291CDF206800F75240 /* vector.h */,
			);
			path = p6;
			sourceTree = "<group>";
		};
/* End PBXGroup section */

/* Begin PBXNativeTarget section */
		9EFF48051CDF1E3200F75240 /* p6 */ = {
			isa = PBXNativeTarget;
			buildConfigurationList = 9EFF480D1CDF1E3200F75240 /* Build configuration list for PBXNativeTarget "p6" */;
			buildPhases = (
				9EFF48021CDF1E3200F75240 /* Sources */,
				9EFF48031CDF1E3200F75240 /* Frameworks */,
				9EFF48041CDF1E3200F75240 /* CopyFiles */,
			);
			buildRules = (
			);
			dependencies = (
			);
			name = p6;
			productName = p6;
			productReference = 9EFF48061CDF1E3200F75240 /* p6 */;
			productType = "com.apple.product-type.tool";
		};
/* End PBXNativeTarget section */

/* Begin PBXProject section */
		9EFF47FE1CDF1E3200F75240 /* Project object */ = {
			isa = PBXProject;
			attributes = {
				LastUpgradeCheck = 0730;
				ORGANIZATIONNAME = "Zhiying Li";
				TargetAttributes = {
					9EFF48051CDF1E3200F75240 = {
						CreatedOnToolsVersion = 7.3.1;
					};
				};
			};
			buildConfigurationList = 9EFF48011CDF1E3200F75240 /* Build configuration list for PBXProject "p6" */;
			compatibilityVersion = "Xcode 3.2";
			developmentRegion = English;
			hasScannedForEncodings = 0;
			knownRegions = (
				en,
			);
			mainGroup = 9EFF47FD1CDF1E3200F75240;
			productRefGroup = 9EFF48071CDF1E3200F75240 /* Products */;
			projectDirPath = "";
			projectRoot = "";
			targets = (
				9EFF48051CDF1E3200F75240 /* p6 */,
			);
		};
/* End PBXProject section */

/* Begin PBXSourcesBuildPhase section */
		9EFF48021CDF1E3200F75240 /* Sources */ = {
			isa = PBXSourcesBuildPhase;
			buildActionMask = 2147483647;
			files = (
				9EFF48221CDF1F6800F75240 /* sortedvector.cpp in Sources */,
				9EFF481C1CDF1F3A00F75240 /* linkedlist.cpp in Sources */,
				9EFF48251CDF1F7900F75240 /* vector.cpp in Sources */,
				9EFF481F1CDF1F5100F75240 /* sortedlinkedlist.cpp in Sources */,
				9EFF48151CDF1E8C00F75240 /* main.cpp in Sources */,
				9EFF48181CDF1EB700F75240 /* container.cpp in Sources */,
			);
			runOnlyForDeploymentPostprocessing = 0;
		};
/* End PBXSourcesBuildPhase section */

/* Begin XCBuildConfiguration section */
		9EFF480B1CDF1E3200F75240 /* Debug */ = {
			isa = XCBuildConfiguration;
			buildSettings = {
				ALWAYS_SEARCH_USER_PATHS = NO;
				CLANG_ANALYZER_NONNULL = YES;
				CLANG_CXX_LANGUAGE_STANDARD = "gnu++0x";
				CLANG_CXX_LIBRARY = "libc++";
				CLANG_ENABLE_MODULES = YES;
				CLANG_ENABLE_OBJC_ARC = YES;
				CLANG_WARN_BOOL_CONVERSION = YES;
				CLANG_WARN_CONSTANT_CONVERSION = YES;
				CLANG_WARN_DIRECT_OBJC_ISA_USAGE = YES_ERROR;
				CLANG_WARN_EMPTY_BODY = YES;
				CLANG_WARN_ENUM_CONVERSION = YES;
				CLANG_WARN_INT_CONVERSION = YES;
				CLANG_WARN_OBJC_ROOT_CLASS = YES_ERROR;
				CLANG_WARN_UNREACHABLE_CODE = YES;
				CLANG_WARN__DUPLICATE_METHOD_MATCH = YES;
				CODE_SIGN_IDENTITY = "-";
				COPY_PHASE_STRIP = NO;
				DEBUG_INFORMATION_FORMAT = dwarf;
				ENABLE_STRICT_OBJC_MSGSEND = YES;
				ENABLE_TESTABILITY = YES;
				GCC_C_LANGUAGE_STANDARD = gnu99;
				GCC_DYNAMIC_NO_PIC = NO;
				GCC_NO_COMMON_BLOCKS = YES;
				GCC_OPTIMIZATION_LEVEL = 0;
				GCC_PREPROCESSOR_DEFINITIONS = (
					"DEBUG=1",
					"$(inherited)",
				);
				GCC_WARN_64_TO_32_BIT_CONVERSION = YES;
				GCC_WARN_ABOUT_RETURN_TYPE = YES_ERROR;
				GCC_WARN_UNDECLARED_SELECTOR = YES;
				GCC_WARN_UNINITIALIZED_AUTOS = YES_AGGRESSIVE;
				GCC_WARN_UNUSED_FUNCTION = YES;
				GCC_WARN_UNUSED_VARIABLE = YES;
				MACOSX_DEPLOYMENT_TARGET = 10.11;
				MTL_ENABLE_DEBUG_INFO = YES;
				ONLY_ACTIVE_ARCH = YES;
				SDKROOT = macosx;
			};
			name = Debug;
		};
		9EFF480C1CDF1E3200F75240 /* Release */ = {
			isa = XCBuildConfiguration;
			buildSettings = {
				ALWAYS_SEARCH_USER_PATHS = NO;
				CLANG_ANALYZER_NONNULL = YES;
				CLANG_CXX_LANGUAGE_STANDARD = "gnu++0x";
				CLANG_CXX_LIBRARY = "libc++";
				CLANG_ENABLE_MODULES = YES;
				CLANG_ENABLE_OBJC_ARC = YES;
				CLANG_WARN_BOOL_CONVERSION = YES;
				CLANG_WARN_CONSTANT_CONVERSION = YES;
				CLANG_WARN_DIRECT_OBJC_ISA_USAGE = YES_ERROR;
				CLANG_WARN_EMPTY_BODY = YES;
				CLANG_WARN_ENUM_CONVERSION = YES;
				CLANG_WARN_INT_CONVERSION = YES;
				CLANG_WARN_OBJC_ROOT_CLASS = YES_ERROR;
				CLANG_WARN_UNREACHABLE_CODE = YES;
				CLANG_WARN__DUPLICATE_METHOD_MATCH = YES;
				CODE_SIGN_IDENTITY = "-";
				COPY_PHASE_STRIP = NO;
				DEBUG_INFORMATION_FORMAT = "dwarf-with-dsym";
				ENABLE_NS_ASSERTIONS = NO;
				ENABLE_STRICT_OBJC_MSGSEND = YES;
				GCC_C_LANGUAGE_STANDARD = gnu99;
				GCC_NO_COMMON_BLOCKS = YES;
				GCC_WARN_64_TO_32_BIT_CONVERSION = YES;
				GCC_WARN_ABOUT_RETURN_TYPE = YES_ERROR;
				GCC_WARN_UNDECLARED_SELECTOR = YES;
				GCC_WARN_UNINITIALIZED_AUTOS = YES_AGGRESSIVE;
				GCC_WARN_UNUSED_FUNCTION = YES;
				GCC_WARN_UNUSED_VARIABLE = YES;
				MACOSX_DEPLOYMENT_TARGET = 10.11;
				MTL_ENABLE_DEBUG_INFO = NO;
				SDKROOT = macosx;
			};
			name = Release;
		};
		9EFF480E1CDF1E3200F75240 /* Debug */ = {
			isa = XCBuildConfiguration;
			buildSettings = {
				PRODUCT_NAME = "$(TARGET_NAME)";
			};
			name = Debug;
		};
		9EFF480F1CDF1E3200F75240 /* Release */ = {
			isa = XCBuildConfiguration;
			buildSettings = {
				PRODUCT_NAME = "$(TARGET_NAME)";
			};
			name = Release;
		};
/* End XCBuildConfiguration section */

/* Begin XCConfigurationList section */
		9EFF48011CDF1E3200F75240 /* Build configuration list for PBXProject "p6" */ = {
			isa = XCConfigurationList;
			buildConfigurations = (
				9EFF480B1CDF1E3200F75240 /* Debug */,
				9EFF480C1CDF1E3200F75240 /* Release */,
			);
			defaultConfigurationIsVisible = 0;
			defaultConfigurationName = Release;
		};
		9EFF480D1CDF1E3200F75240 /* Build configuration list for PBXNativeTarget "p6" */ = {
			isa = XCConfigurationList;
			buildConfigurations = (
				9EFF480E1CDF1E3200F75240 /* Debug */,
				9EFF480F1CDF1E3200F75240 /* Release */,
			);
			defaultConfigurationIsVisible = 0;
		};
/* End XCConfigurationList section */
	};
	rootObject = 9EFF47FE1CDF1E3200F75240 /* Project object */;
}
