// !$*UTF8*$!
{
	archiveVersion = 1;
	classes = {
	};
	objectVersion = 46;
	objects = {

/* Begin PBXBuildFile section */
		9E4313A91CEF3CF4006F907C /* list.cpp in Sources */ = {isa = PBXBuildFile; fileRef = 9E4313A31CEF3CF4006F907C /* list.cpp */; };
		9E4313AA1CEF3CF4006F907C /* main.cpp in Sources */ = {isa = PBXBuildFile; fileRef = 9E4313A51CEF3CF4006F907C /* main.cpp */; };
/* End PBXBuildFile section */

/* Begin PBXCopyFilesBuildPhase section */
		9E8A55771CED96E8001733CC /* CopyFiles */ = {
			isa = PBXCopyFilesBuildPhase;
			buildActionMask = 2147483647;
			dstPath = /usr/share/man/man1/;
			dstSubfolderSpec = 0;
			files = (
			);
			runOnlyForDeploymentPostprocessing = 1;
		};
/* End PBXCopyFilesBuildPhase section */

/* Begin PBXFileReference section */
		9E4313A21CEF3CF4006F907C /* AreaCodes.txt */ = {isa = PBXFileReference; fileEncoding = 4; lastKnownFileType = text; name = AreaCodes.txt; path = ../../handout_A/handout_A/AreaCodes.txt; sourceTree = "<group>"; };
		9E4313A31CEF3CF4006F907C /* list.cpp */ = {isa = PBXFileReference; fileEncoding = 4; lastKnownFileType = sourcecode.cpp.cpp; name = list.cpp; path = ../../handout_A/handout_A/list.cpp; sourceTree = "<group>"; };
		9E4313A41CEF3CF4006F907C /* list.h */ = {isa = PBXFileReference; fileEncoding = 4; lastKnownFileType = sourcecode.c.h; name = list.h; path = ../../handout_A/handout_A/list.h; sourceTree = "<group>"; };
		9E4313A51CEF3CF4006F907C /* main.cpp */ = {isa = PBXFileReference; fileEncoding = 4; lastKnownFileType = sourcecode.cpp.cpp; name = main.cpp; path = ../../handout_A/handout_A/main.cpp; sourceTree = "<group>"; };
		9E4313A71CEF3CF4006F907C /* state.h */ = {isa = PBXFileReference; fileEncoding = 4; lastKnownFileType = sourcecode.c.h; name = state.h; path = ../../handout_A/handout_A/state.h; sourceTree = "<group>"; };
		9E8A55791CED96E8001733CC /* handout_B */ = {isa = PBXFileReference; explicitFileType = "compiled.mach-o.executable"; includeInIndex = 0; path = handout_B; sourceTree = BUILT_PRODUCTS_DIR; };
/* End PBXFileReference section */

/* Begin PBXFrameworksBuildPhase section */
		9E8A55761CED96E8001733CC /* Frameworks */ = {
			isa = PBXFrameworksBuildPhase;
			buildActionMask = 2147483647;
			files = (
			);
			runOnlyForDeploymentPostprocessing = 0;
		};
/* End PBXFrameworksBuildPhase section */

/* Begin PBXGroup section */
		9E8A55701CED96E8001733CC = {
			isa = PBXGroup;
			children = (
				9E8A557B1CED96E8001733CC /* handout_B */,
				9E8A557A1CED96E8001733CC /* Products */,
			);
			sourceTree = "<group>";
		};
		9E8A557A1CED96E8001733CC /* Products */ = {
			isa = PBXGroup;
			children = (
				9E8A55791CED96E8001733CC /* handout_B */,
			);
			name = Products;
			sourceTree = "<group>";
		};
		9E8A557B1CED96E8001733CC /* handout_B */ = {
			isa = PBXGroup;
			children = (
				9E4313A21CEF3CF4006F907C /* AreaCodes.txt */,
				9E4313A31CEF3CF4006F907C /* list.cpp */,
				9E4313A41CEF3CF4006F907C /* list.h */,
				9E4313A51CEF3CF4006F907C /* main.cpp */,
				9E4313A71CEF3CF4006F907C /* state.h */,
			);
			path = handout_B;
			sourceTree = "<group>";
		};
/* End PBXGroup section */

/* Begin PBXNativeTarget section */
		9E8A55781CED96E8001733CC /* handout_B */ = {
			isa = PBXNativeTarget;
			buildConfigurationList = 9E8A55801CED96E8001733CC /* Build configuration list for PBXNativeTarget "handout_B" */;
			buildPhases = (
				9E8A55751CED96E8001733CC /* Sources */,
				9E8A55761CED96E8001733CC /* Frameworks */,
				9E8A55771CED96E8001733CC /* CopyFiles */,
			);
			buildRules = (
			);
			dependencies = (
			);
			name = handout_B;
			productName = handout_B;
			productReference = 9E8A55791CED96E8001733CC /* handout_B */;
			productType = "com.apple.product-type.tool";
		};
/* End PBXNativeTarget section */

/* Begin PBXProject section */
		9E8A55711CED96E8001733CC /* Project object */ = {
			isa = PBXProject;
			attributes = {
				LastUpgradeCheck = 0730;
				ORGANIZATIONNAME = "Zhiying Li";
				TargetAttributes = {
					9E8A55781CED96E8001733CC = {
						CreatedOnToolsVersion = 7.3.1;
					};
				};
			};
			buildConfigurationList = 9E8A55741CED96E8001733CC /* Build configuration list for PBXProject "handout_B" */;
			compatibilityVersion = "Xcode 3.2";
			developmentRegion = English;
			hasScannedForEncodings = 0;
			knownRegions = (
				en,
			);
			mainGroup = 9E8A55701CED96E8001733CC;
			productRefGroup = 9E8A557A1CED96E8001733CC /* Products */;
			projectDirPath = "";
			projectRoot = "";
			targets = (
				9E8A55781CED96E8001733CC /* handout_B */,
			);
		};
/* End PBXProject section */

/* Begin PBXSourcesBuildPhase section */
		9E8A55751CED96E8001733CC /* Sources */ = {
			isa = PBXSourcesBuildPhase;
			buildActionMask = 2147483647;
			files = (
				9E4313A91CEF3CF4006F907C /* list.cpp in Sources */,
				9E4313AA1CEF3CF4006F907C /* main.cpp in Sources */,
			);
			runOnlyForDeploymentPostprocessing = 0;
		};
/* End PBXSourcesBuildPhase section */

/* Begin XCBuildConfiguration section */
		9E8A557E1CED96E8001733CC /* Debug */ = {
			isa = XCBuildConfiguration;
			buildSettings = {
				ALWAYS_SEARCH_USER_PATHS = NO;
				CLANG_ANALYZER_NONNULL = YES;
				CLANG_CXX_LANGUAGE_STANDARD = "gnu++0x";
				CLANG_CXX_LIBRARY = "libc++";
				CLANG_ENABLE_MODULES = YES;
				CLANG_ENABLE_OBJC_ARC = YES;
				CLANG_WARN_BOOL_CONVERSION = YES;
				CLANG_WARN_CONSTANT_CONVERSION = YES;
				CLANG_WARN_DIRECT_OBJC_ISA_USAGE = YES_ERROR;
				CLANG_WARN_EMPTY_BODY = YES;
				CLANG_WARN_ENUM_CONVERSION = YES;
				CLANG_WARN_INT_CONVERSION = YES;
				CLANG_WARN_OBJC_ROOT_CLASS = YES_ERROR;
				CLANG_WARN_UNREACHABLE_CODE = YES;
				CLANG_WARN__DUPLICATE_METHOD_MATCH = YES;
				CODE_SIGN_IDENTITY = "-";
				COPY_PHASE_STRIP = NO;
				DEBUG_INFORMATION_FORMAT = dwarf;
				ENABLE_STRICT_OBJC_MSGSEND = YES;
				ENABLE_TESTABILITY = YES;
				GCC_C_LANGUAGE_STANDARD = gnu99;
				GCC_DYNAMIC_NO_PIC = NO;
				GCC_NO_COMMON_BLOCKS = YES;
				GCC_OPTIMIZATION_LEVEL = 0;
				GCC_PREPROCESSOR_DEFINITIONS = (
					"DEBUG=1",
					"$(inherited)",
				);
				GCC_WARN_64_TO_32_BIT_CONVERSION = YES;
				GCC_WARN_ABOUT_RETURN_TYPE = YES_ERROR;
				GCC_WARN_UNDECLARED_SELECTOR = YES;
				GCC_WARN_UNINITIALIZED_AUTOS = YES_AGGRESSIVE;
				GCC_WARN_UNUSED_FUNCTION = YES;
				GCC_WARN_UNUSED_VARIABLE = YES;
				MACOSX_DEPLOYMENT_TARGET = 10.11;
				MTL_ENABLE_DEBUG_INFO = YES;
				ONLY_ACTIVE_ARCH = YES;
				SDKROOT = macosx;
			};
			name = Debug;
		};
		9E8A557F1CED96E8001733CC /* Release */ = {
			isa = XCBuildConfiguration;
			buildSettings = {
				ALWAYS_SEARCH_USER_PATHS = NO;
				CLANG_ANALYZER_NONNULL = YES;
				CLANG_CXX_LANGUAGE_STANDARD = "gnu++0x";
				CLANG_CXX_LIBRARY = "libc++";
				CLANG_ENABLE_MODULES = YES;
				CLANG_ENABLE_OBJC_ARC = YES;
				CLANG_WARN_BOOL_CONVERSION = YES;
				CLANG_WARN_CONSTANT_CONVERSION = YES;
				CLANG_WARN_DIRECT_OBJC_ISA_USAGE = YES_ERROR;
				CLANG_WARN_EMPTY_BODY = YES;
				CLANG_WARN_ENUM_CONVERSION = YES;
				CLANG_WARN_INT_CONVERSION = YES;
				CLANG_WARN_OBJC_ROOT_CLASS = YES_ERROR;
				CLANG_WARN_UNREACHABLE_CODE = YES;
				CLANG_WARN__DUPLICATE_METHOD_MATCH = YES;
				CODE_SIGN_IDENTITY = "-";
				COPY_PHASE_STRIP = NO;
				DEBUG_INFORMATION_FORMAT = "dwarf-with-dsym";
				ENABLE_NS_ASSERTIONS = NO;
				ENABLE_STRICT_OBJC_MSGSEND = YES;
				GCC_C_LANGUAGE_STANDARD = gnu99;
				GCC_NO_COMMON_BLOCKS = YES;
				GCC_WARN_64_TO_32_BIT_CONVERSION = YES;
				GCC_WARN_ABOUT_RETURN_TYPE = YES_ERROR;
				GCC_WARN_UNDECLARED_SELECTOR = YES;
				GCC_WARN_UNINITIALIZED_AUTOS = YES_AGGRESSIVE;
				GCC_WARN_UNUSED_FUNCTION = YES;
				GCC_WARN_UNUSED_VARIABLE = YES;
				MACOSX_DEPLOYMENT_TARGET = 10.11;
				MTL_ENABLE_DEBUG_INFO = NO;
				SDKROOT = macosx;
			};
			name = Release;
		};
		9E8A55811CED96E8001733CC /* Debug */ = {
			isa = XCBuildConfiguration;
			buildSettings = {
				PRODUCT_NAME = "$(TARGET_NAME)";
			};
			name = Debug;
		};
		9E8A55821CED96E8001733CC /* Release */ = {
			isa = XCBuildConfiguration;
			buildSettings = {
				PRODUCT_NAME = "$(TARGET_NAME)";
			};
			name = Release;
		};
/* End XCBuildConfiguration section */

/* Begin XCConfigurationList section */
		9E8A55741CED96E8001733CC /* Build configuration list for PBXProject "handout_B" */ = {
			isa = XCConfigurationList;
			buildConfigurations = (
				9E8A557E1CED96E8001733CC /* Debug */,
				9E8A557F1CED96E8001733CC /* Release */,
			);
			defaultConfigurationIsVisible = 0;
			defaultConfigurationName = Release;
		};
		9E8A55801CED96E8001733CC /* Build configuration list for PBXNativeTarget "handout_B" */ = {
			isa = XCConfigurationList;
			buildConfigurations = (
				9E8A55811CED96E8001733CC /* Debug */,
				9E8A55821CED96E8001733CC /* Release */,
			);
			defaultConfigurationIsVisible = 0;
			defaultConfigurationName = Release;
		};
/* End XCConfigurationList section */
	};
	rootObject = 9E8A55711CED96E8001733CC /* Project object */;
}
