// !$*UTF8*$!
{
	archiveVersion = 1;
	classes = {
	};
	objectVersion = 46;
	objects = {

/* Begin PBXBuildFile section */
		9EB37E6A1D04BD6D0000D87A /* main.cpp in Sources */ = {isa = PBXBuildFile; fileRef = 9EB37E691D04BD6D0000D87A /* main.cpp */; };
		9EB37E721D04BDE00000D87A /* food.cpp in Sources */ = {isa = PBXBuildFile; fileRef = 9EB37E701D04BDE00000D87A /* food.cpp */; };
/* End PBXBuildFile section */

/* Begin PBXCopyFilesBuildPhase section */
		9EB37E641D04BD6D0000D87A /* CopyFiles */ = {
			isa = PBXCopyFilesBuildPhase;
			buildActionMask = 2147483647;
			dstPath = /usr/share/man/man1/;
			dstSubfolderSpec = 0;
			files = (
			);
			runOnlyForDeploymentPostprocessing = 1;
		};
/* End PBXCopyFilesBuildPhase section */

/* Begin PBXFileReference section */
		9EB37E661D04BD6D0000D87A /* Handout_B */ = {isa = PBXFileReference; explicitFileType = "compiled.mach-o.executable"; includeInIndex = 0; path = Handout_B; sourceTree = BUILT_PRODUCTS_DIR; };
		9EB37E691D04BD6D0000D87A /* main.cpp */ = {isa = PBXFileReference; lastKnownFileType = sourcecode.cpp.cpp; path = main.cpp; sourceTree = "<group>"; };
		9EB37E701D04BDE00000D87A /* food.cpp */ = {isa = PBXFileReference; fileEncoding = 4; lastKnownFileType = sourcecode.cpp.cpp; path = food.cpp; sourceTree = "<group>"; };
		9EB37E711D04BDE00000D87A /* food.h */ = {isa = PBXFileReference; fileEncoding = 4; lastKnownFileType = sourcecode.c.h; path = food.h; sourceTree = "<group>"; };
		9EB37E731D04BE220000D87A /* list.cpp */ = {isa = PBXFileReference; fileEncoding = 4; lastKnownFileType = sourcecode.cpp.cpp; path = list.cpp; sourceTree = "<group>"; };
		9EB37E741D04BE220000D87A /* list.h */ = {isa = PBXFileReference; fileEncoding = 4; lastKnownFileType = sourcecode.c.h; path = list.h; sourceTree = "<group>"; };
		9EB37E771D04CC1E0000D87A /* food.txt */ = {isa = PBXFileReference; fileEncoding = 4; lastKnownFileType = text; name = food.txt; path = Handout_B/food.txt; sourceTree = "<group>"; };
/* End PBXFileReference section */

/* Begin PBXFrameworksBuildPhase section */
		9EB37E631D04BD6D0000D87A /* Frameworks */ = {
			isa = PBXFrameworksBuildPhase;
			buildActionMask = 2147483647;
			files = (
			);
			runOnlyForDeploymentPostprocessing = 0;
		};
/* End PBXFrameworksBuildPhase section */

/* Begin PBXGroup section */
		9EB37E5D1D04BD6D0000D87A = {
			isa = PBXGroup;
			children = (
				9EB37E771D04CC1E0000D87A /* food.txt */,
				9EB37E681D04BD6D0000D87A /* Handout_B */,
				9EB37E671D04BD6D0000D87A /* Products */,
			);
			sourceTree = "<group>";
		};
		9EB37E671D04BD6D0000D87A /* Products */ = {
			isa = PBXGroup;
			children = (
				9EB37E661D04BD6D0000D87A /* Handout_B */,
			);
			name = Products;
			sourceTree = "<group>";
		};
		9EB37E681D04BD6D0000D87A /* Handout_B */ = {
			isa = PBXGroup;
			children = (
				9EB37E691D04BD6D0000D87A /* main.cpp */,
				9EB37E701D04BDE00000D87A /* food.cpp */,
				9EB37E711D04BDE00000D87A /* food.h */,
				9EB37E731D04BE220000D87A /* list.cpp */,
				9EB37E741D04BE220000D87A /* list.h */,
			);
			path = Handout_B;
			sourceTree = "<group>";
		};
/* End PBXGroup section */

/* Begin PBXNativeTarget section */
		9EB37E651D04BD6D0000D87A /* Handout_B */ = {
			isa = PBXNativeTarget;
			buildConfigurationList = 9EB37E6D1D04BD6D0000D87A /* Build configuration list for PBXNativeTarget "Handout_B" */;
			buildPhases = (
				9EB37E621D04BD6D0000D87A /* Sources */,
				9EB37E631D04BD6D0000D87A /* Frameworks */,
				9EB37E641D04BD6D0000D87A /* CopyFiles */,
			);
			buildRules = (
			);
			dependencies = (
			);
			name = Handout_B;
			productName = Handout_B;
			productReference = 9EB37E661D04BD6D0000D87A /* Handout_B */;
			productType = "com.apple.product-type.tool";
		};
/* End PBXNativeTarget section */

/* Begin PBXProject section */
		9EB37E5E1D04BD6D0000D87A /* Project object */ = {
			isa = PBXProject;
			attributes = {
				LastUpgradeCheck = 0730;
				ORGANIZATIONNAME = "Zhiying Li";
				TargetAttributes = {
					9EB37E651D04BD6D0000D87A = {
						CreatedOnToolsVersion = 7.3.1;
					};
				};
			};
			buildConfigurationList = 9EB37E611D04BD6D0000D87A /* Build configuration list for PBXProject "Handout_B" */;
			compatibilityVersion = "Xcode 3.2";
			developmentRegion = English;
			hasScannedForEncodings = 0;
			knownRegions = (
				en,
			);
			mainGroup = 9EB37E5D1D04BD6D0000D87A;
			productRefGroup = 9EB37E671D04BD6D0000D87A /* Products */;
			projectDirPath = "";
			projectRoot = "";
			targets = (
				9EB37E651D04BD6D0000D87A /* Handout_B */,
			);
		};
/* End PBXProject section */

/* Begin PBXSourcesBuildPhase section */
		9EB37E621D04BD6D0000D87A /* Sources */ = {
			isa = PBXSourcesBuildPhase;
			buildActionMask = 2147483647;
			files = (
				9EB37E6A1D04BD6D0000D87A /* main.cpp in Sources */,
				9EB37E721D04BDE00000D87A /* food.cpp in Sources */,
			);
			runOnlyForDeploymentPostprocessing = 0;
		};
/* End PBXSourcesBuildPhase section */

/* Begin XCBuildConfiguration section */
		9EB37E6B1D04BD6D0000D87A /* Debug */ = {
			isa = XCBuildConfiguration;
			buildSettings = {
				ALWAYS_SEARCH_USER_PATHS = NO;
				CLANG_ANALYZER_NONNULL = YES;
				CLANG_CXX_LANGUAGE_STANDARD = "gnu++0x";
				CLANG_CXX_LIBRARY = "libc++";
				CLANG_ENABLE_MODULES = YES;
				CLANG_ENABLE_OBJC_ARC = YES;
				CLANG_WARN_BOOL_CONVERSION = YES;
				CLANG_WARN_CONSTANT_CONVERSION = YES;
				CLANG_WARN_DIRECT_OBJC_ISA_USAGE = YES_ERROR;
				CLANG_WARN_EMPTY_BODY = YES;
				CLANG_WARN_ENUM_CONVERSION = YES;
				CLANG_WARN_INT_CONVERSION = YES;
				CLANG_WARN_OBJC_ROOT_CLASS = YES_ERROR;
				CLANG_WARN_UNREACHABLE_CODE = YES;
				CLANG_WARN__DUPLICATE_METHOD_MATCH = YES;
				CODE_SIGN_IDENTITY = "-";
				COPY_PHASE_STRIP = NO;
				DEBUG_INFORMATION_FORMAT = dwarf;
				ENABLE_STRICT_OBJC_MSGSEND = YES;
				ENABLE_TESTABILITY = YES;
				GCC_C_LANGUAGE_STANDARD = gnu99;
				GCC_DYNAMIC_NO_PIC = NO;
				GCC_NO_COMMON_BLOCKS = YES;
				GCC_OPTIMIZATION_LEVEL = 0;
				GCC_PREPROCESSOR_DEFINITIONS = (
					"DEBUG=1",
					"$(inherited)",
				);
				GCC_WARN_64_TO_32_BIT_CONVERSION = YES;
				GCC_WARN_ABOUT_RETURN_TYPE = YES_ERROR;
				GCC_WARN_UNDECLARED_SELECTOR = YES;
				GCC_WARN_UNINITIALIZED_AUTOS = YES_AGGRESSIVE;
				GCC_WARN_UNUSED_FUNCTION = YES;
				GCC_WARN_UNUSED_VARIABLE = YES;
				MACOSX_DEPLOYMENT_TARGET = 10.11;
				MTL_ENABLE_DEBUG_INFO = YES;
				ONLY_ACTIVE_ARCH = YES;
				SDKROOT = macosx;
			};
			name = Debug;
		};
		9EB37E6C1D04BD6D0000D87A /* Release */ = {
			isa = XCBuildConfiguration;
			buildSettings = {
				ALWAYS_SEARCH_USER_PATHS = NO;
				CLANG_ANALYZER_NONNULL = YES;
				CLANG_CXX_LANGUAGE_STANDARD = "gnu++0x";
				CLANG_CXX_LIBRARY = "libc++";
				CLANG_ENABLE_MODULES = YES;
				CLANG_ENABLE_OBJC_ARC = YES;
				CLANG_WARN_BOOL_CONVERSION = YES;
				CLANG_WARN_CONSTANT_CONVERSION = YES;
				CLANG_WARN_DIRECT_OBJC_ISA_USAGE = YES_ERROR;
				CLANG_WARN_EMPTY_BODY = YES;
				CLANG_WARN_ENUM_CONVERSION = YES;
				CLANG_WARN_INT_CONVERSION = YES;
				CLANG_WARN_OBJC_ROOT_CLASS = YES_ERROR;
				CLANG_WARN_UNREACHABLE_CODE = YES;
				CLANG_WARN__DUPLICATE_METHOD_MATCH = YES;
				CODE_SIGN_IDENTITY = "-";
				COPY_PHASE_STRIP = NO;
				DEBUG_INFORMATION_FORMAT = "dwarf-with-dsym";
				ENABLE_NS_ASSERTIONS = NO;
				ENABLE_STRICT_OBJC_MSGSEND = YES;
				GCC_C_LANGUAGE_STANDARD = gnu99;
				GCC_NO_COMMON_BLOCKS = YES;
				GCC_WARN_64_TO_32_BIT_CONVERSION = YES;
				GCC_WARN_ABOUT_RETURN_TYPE = YES_ERROR;
				GCC_WARN_UNDECLARED_SELECTOR = YES;
				GCC_WARN_UNINITIALIZED_AUTOS = YES_AGGRESSIVE;
				GCC_WARN_UNUSED_FUNCTION = YES;
				GCC_WARN_UNUSED_VARIABLE = YES;
				MACOSX_DEPLOYMENT_TARGET = 10.11;
				MTL_ENABLE_DEBUG_INFO = NO;
				SDKROOT = macosx;
			};
			name = Release;
		};
		9EB37E6E1D04BD6D0000D87A /* Debug */ = {
			isa = XCBuildConfiguration;
			buildSettings = {
				PRODUCT_NAME = "$(TARGET_NAME)";
			};
			name = Debug;
		};
		9EB37E6F1D04BD6D0000D87A /* Release */ = {
			isa = XCBuildConfiguration;
			buildSettings = {
				PRODUCT_NAME = "$(TARGET_NAME)";
			};
			name = Release;
		};
/* End XCBuildConfiguration section */

/* Begin XCConfigurationList section */
		9EB37E611D04BD6D0000D87A /* Build configuration list for PBXProject "Handout_B" */ = {
			isa = XCConfigurationList;
			buildConfigurations = (
				9EB37E6B1D04BD6D0000D87A /* Debug */,
				9EB37E6C1D04BD6D0000D87A /* Release */,
			);
			defaultConfigurationIsVisible = 0;
			defaultConfigurationName = Release;
		};
		9EB37E6D1D04BD6D0000D87A /* Build configuration list for PBXNativeTarget "Handout_B" */ = {
			isa = XCConfigurationList;
			buildConfigurations = (
				9EB37E6E1D04BD6D0000D87A /* Debug */,
				9EB37E6F1D04BD6D0000D87A /* Release */,
			);
			defaultConfigurationIsVisible = 0;
		};
/* End XCConfigurationList section */
	};
	rootObject = 9EB37E5E1D04BD6D0000D87A /* Project object */;
}
