// !$*UTF8*$!
{
	archiveVersion = 1;
	classes = {
	};
	objectVersion = 46;
	objects = {

/* Begin PBXBuildFile section */
		9E0AF0F21CD81570004AF36F /* main.cpp in Sources */ = {isa = PBXBuildFile; fileRef = 9E0AF0F11CD81570004AF36F /* main.cpp */; };
		9E0AF1031CD86170004AF36F /* flight.cpp in Sources */ = {isa = PBXBuildFile; fileRef = 9E0AF0F81CD86170004AF36F /* flight.cpp */; };
		9E0AF1041CD86170004AF36F /* flights.cpp in Sources */ = {isa = PBXBuildFile; fileRef = 9E0AF0FA1CD86170004AF36F /* flights.cpp */; };
		9E0AF1051CD86170004AF36F /* linkedlist.cpp in Sources */ = {isa = PBXBuildFile; fileRef = 9E0AF0FC1CD86170004AF36F /* linkedlist.cpp */; };
		9E0AF1061CD86170004AF36F /* passenger.cpp in Sources */ = {isa = PBXBuildFile; fileRef = 9E0AF0FE1CD86170004AF36F /* passenger.cpp */; };
		9E0AF1071CD86170004AF36F /* plane.cpp in Sources */ = {isa = PBXBuildFile; fileRef = 9E0AF1001CD86170004AF36F /* plane.cpp */; };
		9E0AF1081CD86170004AF36F /* utilities.cpp in Sources */ = {isa = PBXBuildFile; fileRef = 9E0AF1021CD86170004AF36F /* utilities.cpp */; };
/* End PBXBuildFile section */

/* Begin PBXCopyFilesBuildPhase section */
		9E0AF0EC1CD81570004AF36F /* CopyFiles */ = {
			isa = PBXCopyFilesBuildPhase;
			buildActionMask = 2147483647;
			dstPath = /usr/share/man/man1/;
			dstSubfolderSpec = 0;
			files = (
			);
			runOnlyForDeploymentPostprocessing = 1;
		};
/* End PBXCopyFilesBuildPhase section */

/* Begin PBXFileReference section */
		9E0AF0EE1CD81570004AF36F /* p5 */ = {isa = PBXFileReference; explicitFileType = "compiled.mach-o.executable"; includeInIndex = 0; path = p5; sourceTree = BUILT_PRODUCTS_DIR; };
		9E0AF0F11CD81570004AF36F /* main.cpp */ = {isa = PBXFileReference; lastKnownFileType = sourcecode.cpp.cpp; path = main.cpp; sourceTree = "<group>"; };
		9E0AF0F81CD86170004AF36F /* flight.cpp */ = {isa = PBXFileReference; fileEncoding = 4; lastKnownFileType = sourcecode.cpp.cpp; path = flight.cpp; sourceTree = "<group>"; };
		9E0AF0F91CD86170004AF36F /* flight.h */ = {isa = PBXFileReference; fileEncoding = 4; lastKnownFileType = sourcecode.c.h; path = flight.h; sourceTree = "<group>"; };
		9E0AF0FA1CD86170004AF36F /* flights.cpp */ = {isa = PBXFileReference; fileEncoding = 4; lastKnownFileType = sourcecode.cpp.cpp; path = flights.cpp; sourceTree = "<group>"; };
		9E0AF0FB1CD86170004AF36F /* flights.h */ = {isa = PBXFileReference; fileEncoding = 4; lastKnownFileType = sourcecode.c.h; path = flights.h; sourceTree = "<group>"; };
		9E0AF0FC1CD86170004AF36F /* linkedlist.cpp */ = {isa = PBXFileReference; fileEncoding = 4; lastKnownFileType = sourcecode.cpp.cpp; path = linkedlist.cpp; sourceTree = "<group>"; };
		9E0AF0FD1CD86170004AF36F /* linkedlist.h */ = {isa = PBXFileReference; fileEncoding = 4; lastKnownFileType = sourcecode.c.h; path = linkedlist.h; sourceTree = "<group>"; };
		9E0AF0FE1CD86170004AF36F /* passenger.cpp */ = {isa = PBXFileReference; fileEncoding = 4; lastKnownFileType = sourcecode.cpp.cpp; path = passenger.cpp; sourceTree = "<group>"; };
		9E0AF0FF1CD86170004AF36F /* passenger.h */ = {isa = PBXFileReference; fileEncoding = 4; lastKnownFileType = sourcecode.c.h; path = passenger.h; sourceTree = "<group>"; };
		9E0AF1001CD86170004AF36F /* plane.cpp */ = {isa = PBXFileReference; fileEncoding = 4; lastKnownFileType = sourcecode.cpp.cpp; path = plane.cpp; sourceTree = "<group>"; };
		9E0AF1011CD86170004AF36F /* plane.h */ = {isa = PBXFileReference; fileEncoding = 4; lastKnownFileType = sourcecode.c.h; path = plane.h; sourceTree = "<group>"; };
		9E0AF1021CD86170004AF36F /* utilities.cpp */ = {isa = PBXFileReference; fileEncoding = 4; lastKnownFileType = sourcecode.cpp.cpp; path = utilities.cpp; sourceTree = "<group>"; };
		9E0AF1091CD86180004AF36F /* utilities.h */ = {isa = PBXFileReference; fileEncoding = 4; lastKnownFileType = sourcecode.c.h; path = utilities.h; sourceTree = "<group>"; };
/* End PBXFileReference section */

/* Begin PBXFrameworksBuildPhase section */
		9E0AF0EB1CD81570004AF36F /* Frameworks */ = {
			isa = PBXFrameworksBuildPhase;
			buildActionMask = 2147483647;
			files = (
			);
			runOnlyForDeploymentPostprocessing = 0;
		};
/* End PBXFrameworksBuildPhase section */

/* Begin PBXGroup section */
		9E0AF0E51CD81570004AF36F = {
			isa = PBXGroup;
			children = (
				9E0AF0F01CD81570004AF36F /* p5 */,
				9E0AF0EF1CD81570004AF36F /* Products */,
			);
			sourceTree = "<group>";
		};
		9E0AF0EF1CD81570004AF36F /* Products */ = {
			isa = PBXGroup;
			children = (
				9E0AF0EE1CD81570004AF36F /* p5 */,
			);
			name = Products;
			sourceTree = "<group>";
		};
		9E0AF0F01CD81570004AF36F /* p5 */ = {
			isa = PBXGroup;
			children = (
				9E0AF0F11CD81570004AF36F /* main.cpp */,
				9E0AF1091CD86180004AF36F /* utilities.h */,
				9E0AF0F81CD86170004AF36F /* flight.cpp */,
				9E0AF0F91CD86170004AF36F /* flight.h */,
				9E0AF0FA1CD86170004AF36F /* flights.cpp */,
				9E0AF0FB1CD86170004AF36F /* flights.h */,
				9E0AF0FC1CD86170004AF36F /* linkedlist.cpp */,
				9E0AF0FD1CD86170004AF36F /* linkedlist.h */,
				9E0AF0FE1CD86170004AF36F /* passenger.cpp */,
				9E0AF0FF1CD86170004AF36F /* passenger.h */,
				9E0AF1001CD86170004AF36F /* plane.cpp */,
				9E0AF1011CD86170004AF36F /* plane.h */,
				9E0AF1021CD86170004AF36F /* utilities.cpp */,
			);
			path = p5;
			sourceTree = "<group>";
		};
/* End PBXGroup section */

/* Begin PBXNativeTarget section */
		9E0AF0ED1CD81570004AF36F /* p5 */ = {
			isa = PBXNativeTarget;
			buildConfigurationList = 9E0AF0F51CD81570004AF36F /* Build configuration list for PBXNativeTarget "p5" */;
			buildPhases = (
				9E0AF0EA1CD81570004AF36F /* Sources */,
				9E0AF0EB1CD81570004AF36F /* Frameworks */,
				9E0AF0EC1CD81570004AF36F /* CopyFiles */,
			);
			buildRules = (
			);
			dependencies = (
			);
			name = p5;
			productName = p5;
			productReference = 9E0AF0EE1CD81570004AF36F /* p5 */;
			productType = "com.apple.product-type.tool";
		};
/* End PBXNativeTarget section */

/* Begin PBXProject section */
		9E0AF0E61CD81570004AF36F /* Project object */ = {
			isa = PBXProject;
			attributes = {
				LastUpgradeCheck = 0730;
				ORGANIZATIONNAME = "Zhiying Li";
				TargetAttributes = {
					9E0AF0ED1CD81570004AF36F = {
						CreatedOnToolsVersion = 7.3;
					};
				};
			};
			buildConfigurationList = 9E0AF0E91CD81570004AF36F /* Build configuration list for PBXProject "p5" */;
			compatibilityVersion = "Xcode 3.2";
			developmentRegion = English;
			hasScannedForEncodings = 0;
			knownRegions = (
				en,
			);
			mainGroup = 9E0AF0E51CD81570004AF36F;
			productRefGroup = 9E0AF0EF1CD81570004AF36F /* Products */;
			projectDirPath = "";
			projectRoot = "";
			targets = (
				9E0AF0ED1CD81570004AF36F /* p5 */,
			);
		};
/* End PBXProject section */

/* Begin PBXSourcesBuildPhase section */
		9E0AF0EA1CD81570004AF36F /* Sources */ = {
			isa = PBXSourcesBuildPhase;
			buildActionMask = 2147483647;
			files = (
				9E0AF1041CD86170004AF36F /* flights.cpp in Sources */,
				9E0AF1061CD86170004AF36F /* passenger.cpp in Sources */,
				9E0AF1071CD86170004AF36F /* plane.cpp in Sources */,
				9E0AF0F21CD81570004AF36F /* main.cpp in Sources */,
				9E0AF1051CD86170004AF36F /* linkedlist.cpp in Sources */,
				9E0AF1081CD86170004AF36F /* utilities.cpp in Sources */,
				9E0AF1031CD86170004AF36F /* flight.cpp in Sources */,
			);
			runOnlyForDeploymentPostprocessing = 0;
		};
/* End PBXSourcesBuildPhase section */

/* Begin XCBuildConfiguration section */
		9E0AF0F31CD81570004AF36F /* Debug */ = {
			isa = XCBuildConfiguration;
			buildSettings = {
				ALWAYS_SEARCH_USER_PATHS = NO;
				CLANG_ANALYZER_NONNULL = YES;
				CLANG_CXX_LANGUAGE_STANDARD = "gnu++0x";
				CLANG_CXX_LIBRARY = "libc++";
				CLANG_ENABLE_MODULES = YES;
				CLANG_ENABLE_OBJC_ARC = YES;
				CLANG_WARN_BOOL_CONVERSION = YES;
				CLANG_WARN_CONSTANT_CONVERSION = YES;
				CLANG_WARN_DIRECT_OBJC_ISA_USAGE = YES_ERROR;
				CLANG_WARN_EMPTY_BODY = YES;
				CLANG_WARN_ENUM_CONVERSION = YES;
				CLANG_WARN_INT_CONVERSION = YES;
				CLANG_WARN_OBJC_ROOT_CLASS = YES_ERROR;
				CLANG_WARN_UNREACHABLE_CODE = YES;
				CLANG_WARN__DUPLICATE_METHOD_MATCH = YES;
				CODE_SIGN_IDENTITY = "-";
				COPY_PHASE_STRIP = NO;
				DEBUG_INFORMATION_FORMAT = dwarf;
				ENABLE_STRICT_OBJC_MSGSEND = YES;
				ENABLE_TESTABILITY = YES;
				GCC_C_LANGUAGE_STANDARD = gnu99;
				GCC_DYNAMIC_NO_PIC = NO;
				GCC_NO_COMMON_BLOCKS = YES;
				GCC_OPTIMIZATION_LEVEL = 0;
				GCC_PREPROCESSOR_DEFINITIONS = (
					"DEBUG=1",
					"$(inherited)",
				);
				GCC_WARN_64_TO_32_BIT_CONVERSION = YES;
				GCC_WARN_ABOUT_RETURN_TYPE = YES_ERROR;
				GCC_WARN_UNDECLARED_SELECTOR = YES;
				GCC_WARN_UNINITIALIZED_AUTOS = YES_AGGRESSIVE;
				GCC_WARN_UNUSED_FUNCTION = YES;
				GCC_WARN_UNUSED_VARIABLE = YES;
				MACOSX_DEPLOYMENT_TARGET = 10.11;
				MTL_ENABLE_DEBUG_INFO = YES;
				ONLY_ACTIVE_ARCH = YES;
				SDKROOT = macosx;
			};
			name = Debug;
		};
		9E0AF0F41CD81570004AF36F /* Release */ = {
			isa = XCBuildConfiguration;
			buildSettings = {
				ALWAYS_SEARCH_USER_PATHS = NO;
				CLANG_ANALYZER_NONNULL = YES;
				CLANG_CXX_LANGUAGE_STANDARD = "gnu++0x";
				CLANG_CXX_LIBRARY = "libc++";
				CLANG_ENABLE_MODULES = YES;
				CLANG_ENABLE_OBJC_ARC = YES;
				CLANG_WARN_BOOL_CONVERSION = YES;
				CLANG_WARN_CONSTANT_CONVERSION = YES;
				CLANG_WARN_DIRECT_OBJC_ISA_USAGE = YES_ERROR;
				CLANG_WARN_EMPTY_BODY = YES;
				CLANG_WARN_ENUM_CONVERSION = YES;
				CLANG_WARN_INT_CONVERSION = YES;
				CLANG_WARN_OBJC_ROOT_CLASS = YES_ERROR;
				CLANG_WARN_UNREACHABLE_CODE = YES;
				CLANG_WARN__DUPLICATE_METHOD_MATCH = YES;
				CODE_SIGN_IDENTITY = "-";
				COPY_PHASE_STRIP = NO;
				DEBUG_INFORMATION_FORMAT = "dwarf-with-dsym";
				ENABLE_NS_ASSERTIONS = NO;
				ENABLE_STRICT_OBJC_MSGSEND = YES;
				GCC_C_LANGUAGE_STANDARD = gnu99;
				GCC_NO_COMMON_BLOCKS = YES;
				GCC_WARN_64_TO_32_BIT_CONVERSION = YES;
				GCC_WARN_ABOUT_RETURN_TYPE = YES_ERROR;
				GCC_WARN_UNDECLARED_SELECTOR = YES;
				GCC_WARN_UNINITIALIZED_AUTOS = YES_AGGRESSIVE;
				GCC_WARN_UNUSED_FUNCTION = YES;
				GCC_WARN_UNUSED_VARIABLE = YES;
				MACOSX_DEPLOYMENT_TARGET = 10.11;
				MTL_ENABLE_DEBUG_INFO = NO;
				SDKROOT = macosx;
			};
			name = Release;
		};
		9E0AF0F61CD81570004AF36F /* Debug */ = {
			isa = XCBuildConfiguration;
			buildSettings = {
				PRODUCT_NAME = "$(TARGET_NAME)";
			};
			name = Debug;
		};
		9E0AF0F71CD81570004AF36F /* Release */ = {
			isa = XCBuildConfiguration;
			buildSettings = {
				PRODUCT_NAME = "$(TARGET_NAME)";
			};
			name = Release;
		};
/* End XCBuildConfiguration section */

/* Begin XCConfigurationList section */
		9E0AF0E91CD81570004AF36F /* Build configuration list for PBXProject "p5" */ = {
			isa = XCConfigurationList;
			buildConfigurations = (
				9E0AF0F31CD81570004AF36F /* Debug */,
				9E0AF0F41CD81570004AF36F /* Release */,
			);
			defaultConfigurationIsVisible = 0;
			defaultConfigurationName = Release;
		};
		9E0AF0F51CD81570004AF36F /* Build configuration list for PBXNativeTarget "p5" */ = {
			isa = XCConfigurationList;
			buildConfigurations = (
				9E0AF0F61CD81570004AF36F /* Debug */,
				9E0AF0F71CD81570004AF36F /* Release */,
			);
			defaultConfigurationIsVisible = 0;
			defaultConfigurationName = Release;
		};
/* End XCConfigurationList section */
	};
	rootObject = 9E0AF0E61CD81570004AF36F /* Project object */;
}
